// !$*UTF8*$!
{
	archiveVersion = 1;
	classes = {
	};
	objectVersion = 46;
	objects = {

/* Begin PBXBuildFile section */
		04E646D21C7E8B050085DB2C /* main.m in Sources */ = {isa = PBXBuildFile; fileRef = 04E646D11C7E8B050085DB2C /* main.m */; };
		04E646D51C7E8B050085DB2C /* AppDelegate.m in Sources */ = {isa = PBXBuildFile; fileRef = 04E646D41C7E8B050085DB2C /* AppDelegate.m */; };
		04E646D81C7E8B050085DB2C /* ViewController.m in Sources */ = {isa = PBXBuildFile; fileRef = 04E646D71C7E8B050085DB2C /* ViewController.m */; };
		04E646DB1C7E8B050085DB2C /* Main.storyboard in Resources */ = {isa = PBXBuildFile; fileRef = 04E646D91C7E8B050085DB2C /* Main.storyboard */; };
		04E646DD1C7E8B050085DB2C /* Assets.xcassets in Resources */ = {isa = PBXBuildFile; fileRef = 04E646DC1C7E8B050085DB2C /* Assets.xcassets */; };
		04E646E01C7E8B050085DB2C /* LaunchScreen.storyboard in Resources */ = {isa = PBXBuildFile; fileRef = 04E646DE1C7E8B050085DB2C /* LaunchScreen.storyboard */; };
		04E646EB1C7E8B050085DB2C /* _____Tests.m in Sources */ = {isa = PBXBuildFile; fileRef = 04E646EA1C7E8B050085DB2C /* _____Tests.m */; };
		04E646F61C7E8B050085DB2C /* _____UITests.m in Sources */ = {isa = PBXBuildFile; fileRef = 04E646F51C7E8B050085DB2C /* _____UITests.m */; };
		04E647131C7E8C420085DB2C /* lzlView.m in Sources */ = {isa = PBXBuildFile; fileRef = 04E647121C7E8C420085DB2C /* lzlView.m */; };
		04E6471C1C7E9A810085DB2C /* gesture_node_highlighted.png in Resources */ = {isa = PBXBuildFile; fileRef = 04E647151C7E9A810085DB2C /* gesture_node_highlighted.png */; };
		04E6471D1C7E9A810085DB2C /* gesture_node_highlighted@2x.png in Resources */ = {isa = PBXBuildFile; fileRef = 04E647161C7E9A810085DB2C /* gesture_node_highlighted@2x.png */; };
		04E6471E1C7E9A810085DB2C /* gesture_node_normal.png in Resources */ = {isa = PBXBuildFile; fileRef = 04E647171C7E9A810085DB2C /* gesture_node_normal.png */; };
		04E6471F1C7E9A810085DB2C /* gesture_node_normal@2x.png in Resources */ = {isa = PBXBuildFile; fileRef = 04E647181C7E9A810085DB2C /* gesture_node_normal@2x.png */; };
		04E647201C7E9A810085DB2C /* gesture_prompt_on.png in Resources */ = {isa = PBXBuildFile; fileRef = 04E647191C7E9A810085DB2C /* gesture_prompt_on.png */; };
		04E647211C7E9A810085DB2C /* gesture_prompt_on@2x.png in Resources */ = {isa = PBXBuildFile; fileRef = 04E6471A1C7E9A810085DB2C /* gesture_prompt_on@2x.png */; };
		04E647221C7E9A810085DB2C /* Home_refresh_bg.png in Resources */ = {isa = PBXBuildFile; fileRef = 04E6471B1C7E9A810085DB2C /* Home_refresh_bg.png */; };
/* End PBXBuildFile section */

/* Begin PBXContainerItemProxy section */
		04E646E71C7E8B050085DB2C /* PBXContainerItemProxy */ = {
			isa = PBXContainerItemProxy;
			containerPortal = 04E646C51C7E8B050085DB2C /* Project object */;
			proxyType = 1;
			remoteGlobalIDString = 04E646CC1C7E8B050085DB2C;
			remoteInfo = "手势密码锁";
		};
		04E646F21C7E8B050085DB2C /* PBXContainerItemProxy */ = {
			isa = PBXContainerItemProxy;
			containerPortal = 04E646C51C7E8B050085DB2C /* Project object */;
			proxyType = 1;
			remoteGlobalIDString = 04E646CC1C7E8B050085DB2C;
			remoteInfo = "手势密码锁";
		};
/* End PBXContainerItemProxy section */

/* Begin PBXFileReference section */
		04E646CD1C7E8B050085DB2C /* 手势密码锁.app */ = {isa = PBXFileReference; explicitFileType = wrapper.application; includeInIndex = 0; path = "手势密码锁.app"; sourceTree = BUILT_PRODUCTS_DIR; };
		04E646D11C7E8B050085DB2C /* main.m */ = {isa = PBXFileReference; lastKnownFileType = sourcecode.c.objc; path = main.m; sourceTree = "<group>"; };
		04E646D31C7E8B050085DB2C /* AppDelegate.h */ = {isa = PBXFileReference; lastKnownFileType = sourcecode.c.h; path = AppDelegate.h; sourceTree = "<group>"; };
		04E646D41C7E8B050085DB2C /* AppDelegate.m */ = {isa = PBXFileReference; lastKnownFileType = sourcecode.c.objc; path = AppDelegate.m; sourceTree = "<group>"; };
		04E646D61C7E8B050085DB2C /* ViewController.h */ = {isa = PBXFileReference; lastKnownFileType = sourcecode.c.h; path = ViewController.h; sourceTree = "<group>"; };
		04E646D71C7E8B050085DB2C /* ViewController.m */ = {isa = PBXFileReference; lastKnownFileType = sourcecode.c.objc; path = ViewController.m; sourceTree = "<group>"; };
		04E646DA1C7E8B050085DB2C /* Base */ = {isa = PBXFileReference; lastKnownFileType = file.storyboard; name = Base; path = Base.lproj/Main.storyboard; sourceTree = "<group>"; };
		04E646DC1C7E8B050085DB2C /* Assets.xcassets */ = {isa = PBXFileReference; lastKnownFileType = folder.assetcatalog; path = Assets.xcassets; sourceTree = "<group>"; };
		04E646DF1C7E8B050085DB2C /* Base */ = {isa = PBXFileReference; lastKnownFileType = file.storyboard; name = Base; path = Base.lproj/LaunchScreen.storyboard; sourceTree = "<group>"; };
		04E646E11C7E8B050085DB2C /* Info.plist */ = {isa = PBXFileReference; lastKnownFileType = text.plist.xml; path = Info.plist; sourceTree = "<group>"; };
		04E646E61C7E8B050085DB2C /* 手势密码锁Tests.xctest */ = {isa = PBXFileReference; explicitFileType = wrapper.cfbundle; includeInIndex = 0; path = "手势密码锁Tests.xctest"; sourceTree = BUILT_PRODUCTS_DIR; };
		04E646EA1C7E8B050085DB2C /* _____Tests.m */ = {isa = PBXFileReference; lastKnownFileType = sourcecode.c.objc; path = "_____Tests.m"; sourceTree = "<group>"; };
		04E646EC1C7E8B050085DB2C /* Info.plist */ = {isa = PBXFileReference; lastKnownFileType = text.plist.xml; path = Info.plist; sourceTree = "<group>"; };
		04E646F11C7E8B050085DB2C /* 手势密码锁UITests.xctest */ = {isa = PBXFileReference; explicitFileType = wrapper.cfbundle; includeInIndex = 0; path = "手势密码锁UITests.xctest"; sourceTree = BUILT_PRODUCTS_DIR; };
		04E646F51C7E8B050085DB2C /* _____UITests.m */ = {isa = PBXFileReference; lastKnownFileType = sourcecode.c.objc; path = "_____UITests.m"; sourceTree = "<group>"; };
		04E646F71C7E8B050085DB2C /* Info.plist */ = {isa = PBXFileReference; lastKnownFileType = text.plist.xml; path = Info.plist; sourceTree = "<group>"; };
		04E647111C7E8C420085DB2C /* lzlView.h */ = {isa = PBXFileReference; fileEncoding = 4; lastKnownFileType = sourcecode.c.h; path = lzlView.h; sourceTree = "<group>"; };
		04E647121C7E8C420085DB2C /* lzlView.m */ = {isa = PBXFileReference; fileEncoding = 4; lastKnownFileType = sourcecode.c.objc; path = lzlView.m; sourceTree = "<group>"; };
		04E647151C7E9A810085DB2C /* gesture_node_highlighted.png */ = {isa = PBXFileReference; lastKnownFileType = image.png; path = gesture_node_highlighted.png; sourceTree = "<group>"; };
		04E647161C7E9A810085DB2C /* gesture_node_highlighted@2x.png */ = {isa = PBXFileReference; lastKnownFileType = image.png; path = "gesture_node_highlighted@2x.png"; sourceTree = "<group>"; };
		04E647171C7E9A810085DB2C /* gesture_node_normal.png */ = {isa = PBXFileReference; lastKnownFileType = image.png; path = gesture_node_normal.png; sourceTree = "<group>"; };
		04E647181C7E9A810085DB2C /* gesture_node_normal@2x.png */ = {isa = PBXFileReference; lastKnownFileType = image.png; path = "gesture_node_normal@2x.png"; sourceTree = "<group>"; };
		04E647191C7E9A810085DB2C /* gesture_prompt_on.png */ = {isa = PBXFileReference; lastKnownFileType = image.png; path = gesture_prompt_on.png; sourceTree = "<group>"; };
		04E6471A1C7E9A810085DB2C /* gesture_prompt_on@2x.png */ = {isa = PBXFileReference; lastKnownFileType = image.png; path = "gesture_prompt_on@2x.png"; sourceTree = "<group>"; };
		04E6471B1C7E9A810085DB2C /* Home_refresh_bg.png */ = {isa = PBXFileReference; lastKnownFileType = image.png; path = Home_refresh_bg.png; sourceTree = "<group>"; };
/* End PBXFileReference section */

/* Begin PBXFrameworksBuildPhase section */
		04E646CA1C7E8B050085DB2C /* Frameworks */ = {
			isa = PBXFrameworksBuildPhase;
			buildActionMask = 2147483647;
			files = (
			);
			runOnlyForDeploymentPostprocessing = 0;
		};
		04E646E31C7E8B050085DB2C /* Frameworks */ = {
			isa = PBXFrameworksBuildPhase;
			buildActionMask = 2147483647;
			files = (
			);
			runOnlyForDeploymentPostprocessing = 0;
		};
		04E646EE1C7E8B050085DB2C /* Frameworks */ = {
			isa = PBXFrameworksBuildPhase;
			buildActionMask = 2147483647;
			files = (
			);
			runOnlyForDeploymentPostprocessing = 0;
		};
/* End PBXFrameworksBuildPhase section */

/* Begin PBXGroup section */
		04E646C41C7E8B050085DB2C = {
			isa = PBXGroup;
			children = (
				04E647141C7E9A810085DB2C /* resours */,
				04E646CF1C7E8B050085DB2C /* 手势密码锁 */,
				04E646E91C7E8B050085DB2C /* 手势密码锁Tests */,
				04E646F41C7E8B050085DB2C /* 手势密码锁UITests */,
				04E646CE1C7E8B050085DB2C /* Products */,
			);
			sourceTree = "<group>";
		};
		04E646CE1C7E8B050085DB2C /* Products */ = {
			isa = PBXGroup;
			children = (
				04E646CD1C7E8B050085DB2C /* 手势密码锁.app */,
				04E646E61C7E8B050085DB2C /* 手势密码锁Tests.xctest */,
				04E646F11C7E8B050085DB2C /* 手势密码锁UITests.xctest */,
			);
			name = Products;
			sourceTree = "<group>";
		};
		04E646CF1C7E8B050085DB2C /* 手势密码锁 */ = {
			isa = PBXGroup;
			children = (
				04E646D31C7E8B050085DB2C /* AppDelegate.h */,
				04E646D41C7E8B050085DB2C /* AppDelegate.m */,
				04E646D61C7E8B050085DB2C /* ViewController.h */,
				04E646D71C7E8B050085DB2C /* ViewController.m */,
				04E647111C7E8C420085DB2C /* lzlView.h */,
				04E647121C7E8C420085DB2C /* lzlView.m */,
				04E646D91C7E8B050085DB2C /* Main.storyboard */,
				04E646DC1C7E8B050085DB2C /* Assets.xcassets */,
				04E646DE1C7E8B050085DB2C /* LaunchScreen.storyboard */,
				04E646E11C7E8B050085DB2C /* Info.plist */,
				04E646D01C7E8B050085DB2C /* Supporting Files */,
			);
			path = "手势密码锁";
			sourceTree = "<group>";
		};
		04E646D01C7E8B050085DB2C /* Supporting Files */ = {
			isa = PBXGroup;
			children = (
				04E646D11C7E8B050085DB2C /* main.m */,
			);
			name = "Supporting Files";
			sourceTree = "<group>";
		};
		04E646E91C7E8B050085DB2C /* 手势密码锁Tests */ = {
			isa = PBXGroup;
			children = (
				04E646EA1C7E8B050085DB2C /* _____Tests.m */,
				04E646EC1C7E8B050085DB2C /* Info.plist */,
			);
			path = "手势密码锁Tests";
			sourceTree = "<group>";
		};
		04E646F41C7E8B050085DB2C /* 手势密码锁UITests */ = {
			isa = PBXGroup;
			children = (
				04E646F51C7E8B050085DB2C /* _____UITests.m */,
				04E646F71C7E8B050085DB2C /* Info.plist */,
			);
			path = "手势密码锁UITests";
			sourceTree = "<group>";
		};
		04E647141C7E9A810085DB2C /* resours */ = {
			isa = PBXGroup;
			children = (
				04E647151C7E9A810085DB2C /* gesture_node_highlighted.png */,
				04E647161C7E9A810085DB2C /* gesture_node_highlighted@2x.png */,
				04E647171C7E9A810085DB2C /* gesture_node_normal.png */,
				04E647181C7E9A810085DB2C /* gesture_node_normal@2x.png */,
				04E647191C7E9A810085DB2C /* gesture_prompt_on.png */,
				04E6471A1C7E9A810085DB2C /* gesture_prompt_on@2x.png */,
				04E6471B1C7E9A810085DB2C /* Home_refresh_bg.png */,
			);
			path = resours;
			sourceTree = "<group>";
		};
/* End PBXGroup section */

/* Begin PBXNativeTarget section */
		04E646CC1C7E8B050085DB2C /* 手势密码锁 */ = {
			isa = PBXNativeTarget;
			buildConfigurationList = 04E646FA1C7E8B050085DB2C /* Build configuration list for PBXNativeTarget "手势密码锁" */;
			buildPhases = (
				04E646C91C7E8B050085DB2C /* Sources */,
				04E646CA1C7E8B050085DB2C /* Frameworks */,
				04E646CB1C7E8B050085DB2C /* Resources */,
			);
			buildRules = (
			);
			dependencies = (
			);
			name = "手势密码锁";
			productName = "手势密码锁";
			productReference = 04E646CD1C7E8B050085DB2C /* 手势密码锁.app */;
			productType = "com.apple.product-type.application";
		};
		04E646E51C7E8B050085DB2C /* 手势密码锁Tests */ = {
			isa = PBXNativeTarget;
			buildConfigurationList = 04E646FD1C7E8B050085DB2C /* Build configuration list for PBXNativeTarget "手势密码锁Tests" */;
			buildPhases = (
				04E646E21C7E8B050085DB2C /* Sources */,
				04E646E31C7E8B050085DB2C /* Frameworks */,
				04E646E41C7E8B050085DB2C /* Resources */,
			);
			buildRules = (
			);
			dependencies = (
				04E646E81C7E8B050085DB2C /* PBXTargetDependency */,
			);
			name = "手势密码锁Tests";
			productName = "手势密码锁Tests";
			productReference = 04E646E61C7E8B050085DB2C /* 手势密码锁Tests.xctest */;
			productType = "com.apple.product-type.bundle.unit-test";
		};
		04E646F01C7E8B050085DB2C /* 手势密码锁UITests */ = {
			isa = PBXNativeTarget;
			buildConfigurationList = 04E647001C7E8B050085DB2C /* Build configuration list for PBXNativeTarget "手势密码锁UITests" */;
			buildPhases = (
				04E646ED1C7E8B050085DB2C /* Sources */,
				04E646EE1C7E8B050085DB2C /* Frameworks */,
				04E646EF1C7E8B050085DB2C /* Resources */,
			);
			buildRules = (
			);
			dependencies = (
				04E646F31C7E8B050085DB2C /* PBXTargetDependency */,
			);
			name = "手势密码锁UITests";
			productName = "手势密码锁UITests";
			productReference = 04E646F11C7E8B050085DB2C /* 手势密码锁UITests.xctest */;
			productType = "com.apple.product-type.bundle.ui-testing";
		};
/* End PBXNativeTarget section */

/* Begin PBXProject section */
		04E646C51C7E8B050085DB2C /* Project object */ = {
			isa = PBXProject;
			attributes = {
				LastUpgradeCheck = 0710;
				ORGANIZATIONNAME = lzldy;
				TargetAttributes = {
					04E646CC1C7E8B050085DB2C = {
						CreatedOnToolsVersion = 7.1;
					};
					04E646E51C7E8B050085DB2C = {
						CreatedOnToolsVersion = 7.1;
						TestTargetID = 04E646CC1C7E8B050085DB2C;
					};
					04E646F01C7E8B050085DB2C = {
						CreatedOnToolsVersion = 7.1;
						TestTargetID = 04E646CC1C7E8B050085DB2C;
					};
				};
			};
			buildConfigurationList = 04E646C81C7E8B050085DB2C /* Build configuration list for PBXProject "手势密码锁" */;
			compatibilityVersion = "Xcode 3.2";
			developmentRegion = English;
			hasScannedForEncodings = 0;
			knownRegions = (
				en,
				Base,
			);
			mainGroup = 04E646C41C7E8B050085DB2C;
			productRefGroup = 04E646CE1C7E8B050085DB2C /* Products */;
			projectDirPath = "";
			projectRoot = "";
			targets = (
				04E646CC1C7E8B050085DB2C /* 手势密码锁 */,
				04E646E51C7E8B050085DB2C /* 手势密码锁Tests */,
				04E646F01C7E8B050085DB2C /* 手势密码锁UITests */,
			);
		};
/* End PBXProject section */

/* Begin PBXResourcesBuildPhase section */
		04E646CB1C7E8B050085DB2C /* Resources */ = {
			isa = PBXResourcesBuildPhase;
			buildActionMask = 2147483647;
			files = (
				04E646E01C7E8B050085DB2C /* LaunchScreen.storyboard in Resources */,
				04E647211C7E9A810085DB2C /* gesture_prompt_on@2x.png in Resources */,
				04E6471D1C7E9A810085DB2C /* gesture_node_highlighted@2x.png in Resources */,
				04E647221C7E9A810085DB2C /* Home_refresh_bg.png in Resources */,
				04E6471E1C7E9A810085DB2C /* gesture_node_normal.png in Resources */,
				04E646DD1C7E8B050085DB2C /* Assets.xcassets in Resources */,
				04E647201C7E9A810085DB2C /* gesture_prompt_on.png in Resources */,
				04E6471F1C7E9A810085DB2C /* gesture_node_normal@2x.png in Resources */,
				04E646DB1C7E8B050085DB2C /* Main.storyboard in Resources */,
				04E6471C1C7E9A810085DB2C /* gesture_node_highlighted.png in Resources */,
			);
			runOnlyForDeploymentPostprocessing = 0;
		};
		04E646E41C7E8B050085DB2C /* Resources */ = {
			isa = PBXResourcesBuildPhase;
			buildActionMask = 2147483647;
			files = (
			);
			runOnlyForDeploymentPostprocessing = 0;
		};
		04E646EF1C7E8B050085DB2C /* Resources */ = {
			isa = PBXResourcesBuildPhase;
			buildActionMask = 2147483647;
			files = (
			);
			runOnlyForDeploymentPostprocessing = 0;
		};
/* End PBXResourcesBuildPhase section */

/* Begin PBXSourcesBuildPhase section */
		04E646C91C7E8B050085DB2C /* Sources */ = {
			isa = PBXSourcesBuildPhase;
			buildActionMask = 2147483647;
			files = (
				04E646D81C7E8B050085DB2C /* ViewController.m in Sources */,
				04E647131C7E8C420085DB2C /* lzlView.m in Sources */,
				04E646D51C7E8B050085DB2C /* AppDelegate.m in Sources */,
				04E646D21C7E8B050085DB2C /* main.m in Sources */,
			);
			runOnlyForDeploymentPostprocessing = 0;
		};
		04E646E21C7E8B050085DB2C /* Sources */ = {
			isa = PBXSourcesBuildPhase;
			buildActionMask = 2147483647;
			files = (
				04E646EB1C7E8B050085DB2C /* _____Tests.m in Sources */,
			);
			runOnlyForDeploymentPostprocessing = 0;
		};
		04E646ED1C7E8B050085DB2C /* Sources */ = {
			isa = PBXSourcesBuildPhase;
			buildActionMask = 2147483647;
			files = (
				04E646F61C7E8B050085DB2C /* _____UITests.m in Sources */,
			);
			runOnlyForDeploymentPostprocessing = 0;
		};
/* End PBXSourcesBuildPhase section */

/* Begin PBXTargetDependency section */
		04E646E81C7E8B050085DB2C /* PBXTargetDependency */ = {
			isa = PBXTargetDependency;
			target = 04E646CC1C7E8B050085DB2C /* 手势密码锁 */;
			targetProxy = 04E646E71C7E8B050085DB2C /* PBXContainerItemProxy */;
		};
		04E646F31C7E8B050085DB2C /* PBXTargetDependency */ = {
			isa = PBXTargetDependency;
			target = 04E646CC1C7E8B050085DB2C /* 手势密码锁 */;
			targetProxy = 04E646F21C7E8B050085DB2C /* PBXContainerItemProxy */;
		};
/* End PBXTargetDependency section */

/* Begin PBXVariantGroup section */
		04E646D91C7E8B050085DB2C /* Main.storyboard */ = {
			isa = PBXVariantGroup;
			children = (
				04E646DA1C7E8B050085DB2C /* Base */,
			);
			name = Main.storyboard;
			sourceTree = "<group>";
		};
		04E646DE1C7E8B050085DB2C /* LaunchScreen.storyboard */ = {
			isa = PBXVariantGroup;
			children = (
				04E646DF1C7E8B050085DB2C /* Base */,
			);
			name = LaunchScreen.storyboard;
			sourceTree = "<group>";
		};
/* End PBXVariantGroup section */

/* Begin XCBuildConfiguration section */
		04E646F81C7E8B050085DB2C /* Debug */ = {
			isa = XCBuildConfiguration;
			buildSettings = {
				ALWAYS_SEARCH_USER_PATHS = NO;
				CLANG_CXX_LANGUAGE_STANDARD = "gnu++0x";
				CLANG_CXX_LIBRARY = "libc++";
				CLANG_ENABLE_MODULES = YES;
				CLANG_ENABLE_OBJC_ARC = YES;
				CLANG_WARN_BOOL_CONVERSION = YES;
				CLANG_WARN_CONSTANT_CONVERSION = YES;
				CLANG_WARN_DIRECT_OBJC_ISA_USAGE = YES_ERROR;
				CLANG_WARN_EMPTY_BODY = YES;
				CLANG_WARN_ENUM_CONVERSION = YES;
				CLANG_WARN_INT_CONVERSION = YES;
				CLANG_WARN_OBJC_ROOT_CLASS = YES_ERROR;
				CLANG_WARN_UNREACHABLE_CODE = YES;
				CLANG_WARN__DUPLICATE_METHOD_MATCH = YES;
				"CODE_SIGN_IDENTITY[sdk=iphoneos*]" = "iPhone Developer";
				COPY_PHASE_STRIP = NO;
				DEBUG_INFORMATION_FORMAT = dwarf;
				ENABLE_STRICT_OBJC_MSGSEND = YES;
				ENABLE_TESTABILITY = YES;
				GCC_C_LANGUAGE_STANDARD = gnu99;
				GCC_DYNAMIC_NO_PIC = NO;
				GCC_NO_COMMON_BLOCKS = YES;
				GCC_OPTIMIZATION_LEVEL = 0;
				GCC_PREPROCESSOR_DEFINITIONS = (
					"DEBUG=1",
					"$(inherited)",
				);
				GCC_WARN_64_TO_32_BIT_CONVERSION = YES;
				GCC_WARN_ABOUT_RETURN_TYPE = YES_ERROR;
				GCC_WARN_UNDECLARED_SELECTOR = YES;
				GCC_WARN_UNINITIALIZED_AUTOS = YES_AGGRESSIVE;
				GCC_WARN_UNUSED_FUNCTION = YES;
				GCC_WARN_UNUSED_VARIABLE = YES;
				IPHONEOS_DEPLOYMENT_TARGET = 9.1;
				MTL_ENABLE_DEBUG_INFO = YES;
				ONLY_ACTIVE_ARCH = YES;
				SDKROOT = iphoneos;
			};
			name = Debug;
		};
		04E646F91C7E8B050085DB2C /* Release */ = {
			isa = XCBuildConfiguration;
			buildSettings = {
				ALWAYS_SEARCH_USER_PATHS = NO;
				CLANG_CXX_LANGUAGE_STANDARD = "gnu++0x";
				CLANG_CXX_LIBRARY = "libc++";
				CLANG_ENABLE_MODULES = YES;
				CLANG_ENABLE_OBJC_ARC = YES;
				CLANG_WARN_BOOL_CONVERSION = YES;
				CLANG_WARN_CONSTANT_CONVERSION = YES;
				CLANG_WARN_DIRECT_OBJC_ISA_USAGE = YES_ERROR;
				CLANG_WARN_EMPTY_BODY = YES;
				CLANG_WARN_ENUM_CONVERSION = YES;
				CLANG_WARN_INT_CONVERSION = YES;
				CLANG_WARN_OBJC_ROOT_CLASS = YES_ERROR;
				CLANG_WARN_UNREACHABLE_CODE = YES;
				CLANG_WARN__DUPLICATE_METHOD_MATCH = YES;
				"CODE_SIGN_IDENTITY[sdk=iphoneos*]" = "iPhone Developer";
				COPY_PHASE_STRIP = NO;
				DEBUG_INFORMATION_FORMAT = "dwarf-with-dsym";
				ENABLE_NS_ASSERTIONS = NO;
				ENABLE_STRICT_OBJC_MSGSEND = YES;
				GCC_C_LANGUAGE_STANDARD = gnu99;
				GCC_NO_COMMON_BLOCKS = YES;
				GCC_WARN_64_TO_32_BIT_CONVERSION = YES;
				GCC_WARN_ABOUT_RETURN_TYPE = YES_ERROR;
				GCC_WARN_UNDECLARED_SELECTOR = YES;
				GCC_WARN_UNINITIALIZED_AUTOS = YES_AGGRESSIVE;
				GCC_WARN_UNUSED_FUNCTION = YES;
				GCC_WARN_UNUSED_VARIABLE = YES;
				IPHONEOS_DEPLOYMENT_TARGET = 9.1;
				MTL_ENABLE_DEBUG_INFO = NO;
				SDKROOT = iphoneos;
				VALIDATE_PRODUCT = YES;
			};
			name = Release;
		};
		04E646FB1C7E8B050085DB2C /* Debug */ = {
			isa = XCBuildConfiguration;
			buildSettings = {
				ASSETCATALOG_COMPILER_APPICON_NAME = AppIcon;
				INFOPLIST_FILE = "手势密码锁/Info.plist";
				LD_RUNPATH_SEARCH_PATHS = "$(inherited) @executable_path/Frameworks";
				PRODUCT_BUNDLE_IDENTIFIER = "hongjv.-----";
				PRODUCT_NAME = "$(TARGET_NAME)";
			};
			name = Debug;
		};
		04E646FC1C7E8B050085DB2C /* Release */ = {
			isa = XCBuildConfiguration;
			buildSettings = {
				ASSETCATALOG_COMPILER_APPICON_NAME = AppIcon;
				INFOPLIST_FILE = "手势密码锁/Info.plist";
				LD_RUNPATH_SEARCH_PATHS = "$(inherited) @executable_path/Frameworks";
				PRODUCT_BUNDLE_IDENTIFIER = "hongjv.-----";
				PRODUCT_NAME = "$(TARGET_NAME)";
			};
			name = Release;
		};
		04E646FE1C7E8B050085DB2C /* Debug */ = {
			isa = XCBuildConfiguration;
			buildSettings = {
				BUNDLE_LOADER = "$(TEST_HOST)";
				INFOPLIST_FILE = "手势密码锁Tests/Info.plist";
				LD_RUNPATH_SEARCH_PATHS = "$(inherited) @executable_path/Frameworks @loader_path/Frameworks";
				PRODUCT_BUNDLE_IDENTIFIER = "hongjv.-----Tests";
				PRODUCT_NAME = "$(TARGET_NAME)";
				TEST_HOST = "$(BUILT_PRODUCTS_DIR)/手势密码锁.app/手势密码锁";
			};
			name = Debug;
		};
		04E646FF1C7E8B050085DB2C /* Release */ = {
			isa = XCBuildConfiguration;
			buildSettings = {
				BUNDLE_LOADER = "$(TEST_HOST)";
				INFOPLIST_FILE = "手势密码锁Tests/Info.plist";
				LD_RUNPATH_SEARCH_PATHS = "$(inherited) @executable_path/Frameworks @loader_path/Frameworks";
				PRODUCT_BUNDLE_IDENTIFIER = "hongjv.-----Tests";
				PRODUCT_NAME = "$(TARGET_NAME)";
				TEST_HOST = "$(BUILT_PRODUCTS_DIR)/手势密码锁.app/手势密码锁";
			};
			name = Release;
		};
		04E647011C7E8B050085DB2C /* Debug */ = {
			isa = XCBuildConfiguration;
			buildSettings = {
				INFOPLIST_FILE = "手势密码锁UITests/Info.plist";
				LD_RUNPATH_SEARCH_PATHS = "$(inherited) @executable_path/Frameworks @loader_path/Frameworks";
				PRODUCT_BUNDLE_IDENTIFIER = "hongjv.-----UITests";
				PRODUCT_NAME = "$(TARGET_NAME)";
				TEST_TARGET_NAME = "手势密码锁";
				USES_XCTRUNNER = YES;
			};
			name = Debug;
		};
		04E647021C7E8B050085DB2C /* Release */ = {
			isa = XCBuildConfiguration;
			buildSettings = {
				INFOPLIST_FILE = "手势密码锁UITests/Info.plist";
				LD_RUNPATH_SEARCH_PATHS = "$(inherited) @executable_path/Frameworks @loader_path/Frameworks";
				PRODUCT_BUNDLE_IDENTIFIER = "hongjv.-----UITests";
				PRODUCT_NAME = "$(TARGET_NAME)";
				TEST_TARGET_NAME = "手势密码锁";
				USES_XCTRUNNER = YES;
			};
			name = Release;
		};
/* End XCBuildConfiguration section */

/* Begin XCConfigurationList section */
		04E646C81C7E8B050085DB2C /* Build configuration list for PBXProject "手势密码锁" */ = {
			isa = XCConfigurationList;
			buildConfigurations = (
				04E646F81C7E8B050085DB2C /* Debug */,
				04E646F91C7E8B050085DB2C /* Release */,
			);
			defaultConfigurationIsVisible = 0;
			defaultConfigurationName = Release;
		};
		04E646FA1C7E8B050085DB2C /* Build configuration list for PBXNativeTarget "手势密码锁" */ = {
			isa = XCConfigurationList;
			buildConfigurations = (
				04E646FB1C7E8B050085DB2C /* Debug */,
				04E646FC1C7E8B050085DB2C /* Release */,
			);
			defaultConfigurationIsVisible = 0;
			defaultConfigurationName = Release;
		};
		04E646FD1C7E8B050085DB2C /* Build configuration list for PBXNativeTarget "手势密码锁Tests" */ = {
			isa = XCConfigurationList;
			buildConfigurations = (
				04E646FE1C7E8B050085DB2C /* Debug */,
				04E646FF1C7E8B050085DB2C /* Release */,
			);
			defaultConfigurationIsVisible = 0;
			defaultConfigurationName = Release;
		};
		04E647001C7E8B050085DB2C /* Build configuration list for PBXNativeTarget "手势密码锁UITests" */ = {
			isa = XCConfigurationList;
			buildConfigurations = (
				04E647011C7E8B050085DB2C /* Debug */,
				04E647021C7E8B050085DB2C /* Release */,
			);
			defaultConfigurationIsVisible = 0;
			defaultConfigurationName = Release;
		};
/* End XCConfigurationList section */
	};
	rootObject = 04E646C51C7E8B050085DB2C /* Project object */;
}
